
Microsoft Visual Studio Solution File, Format Version 12.00
# Visual Studio Version 17
VisualStudioVersion = 17.1.32421.90
MinimumVisualStudioVersion = 10.0.40219.1
Project("{FAE04EC0-301F-11D3-BF4B-00C04F79EFBC}") = "Affordability", "Affordability\Affordability.csproj", "{BDF06B46-49E5-4A46-AAF0-9381EFB80760}"
EndProject
Project("{FAE04EC0-301F-11D3-BF4B-00C04F79EFBC}") = "Affordability.Test", "Affordability.Test\Affordability.Test.csproj", "{57EF1C62-BA6D-4FE0-97F5-5F8193B560EA}"
EndProject
Global
	GlobalSection(SolutionConfigurationPlatforms) = preSolution
		Debug|Any CPU = Debug|Any CPU
		Release|Any CPU = Release|Any CPU
	EndGlobalSection
	GlobalSection(ProjectConfigurationPlatforms) = postSolution
		{BDF06B46-49E5-4A46-AAF0-9381EFB80760}.Debug|Any CPU.ActiveCfg = Debug|Any CPU
		{BDF06B46-49E5-4A46-AAF0-9381EFB80760}.Debug|Any CPU.Build.0 = Debug|Any CPU
		{BDF06B46-49E5-4A46-AAF0-9381EFB80760}.Release|Any CPU.ActiveCfg = Release|Any CPU
		{BDF06B46-49E5-4A46-AAF0-9381EFB80760}.Release|Any CPU.Build.0 = Release|Any CPU
		{57EF1C62-BA6D-4FE0-97F5-5F8193B560EA}.Debug|Any CPU.ActiveCfg = Debug|Any CPU
		{57EF1C62-BA6D-4FE0-97F5-5F8193B560EA}.Debug|Any CPU.Build.0 = Debug|Any CPU
		{57EF1C62-BA6D-4FE0-97F5-5F8193B560EA}.Release|Any CPU.ActiveCfg = Release|Any CPU
		{57EF1C62-BA6D-4FE0-97F5-5F8193B560EA}.Release|Any CPU.Build.0 = Release|Any CPU
	EndGlobalSection
	GlobalSection(SolutionProperties) = preSolution
		HideSolutionNode = FALSE
	EndGlobalSection
	GlobalSection(ExtensibilityGlobals) = postSolution
		SolutionGuid = {12749ACC-E657-4A18-925E-0C391E22411E}
	EndGlobalSection
EndGlobal
